
Microsoft Visual Studio Solution File, Format Version 12.00
# Visual Studio Version 17
VisualStudioVersion = 17.5.33516.290
MinimumVisualStudioVersion = 10.0.40219.1
Project("{FAE04EC0-301F-11D3-BF4B-00C04F79EFBC}") = "CAI_EjerciciosDeClase", "CAI_EjerciciosDeClase\CAI_EjerciciosDeClase.csproj", "{4BB1C683-7724-4BB2-8441-628AE74412AE}"
EndProject
Global
	GlobalSection(SolutionConfigurationPlatforms) = preSolution
		Debug|Any CPU = Debug|Any CPU
		Release|Any CPU = Release|Any CPU
	EndGlobalSection
	GlobalSection(ProjectConfigurationPlatforms) = postSolution
		{4BB1C683-7724-4BB2-8441-628AE74412AE}.Debug|Any CPU.ActiveCfg = Debug|Any CPU
		{4BB1C683-7724-4BB2-8441-628AE74412AE}.Debug|Any CPU.Build.0 = Debug|Any CPU
		{4BB1C683-7724-4BB2-8441-628AE74412AE}.Release|Any CPU.ActiveCfg = Release|Any CPU
		{4BB1C683-7724-4BB2-8441-628AE74412AE}.Release|Any CPU.Build.0 = Release|Any CPU
	EndGlobalSection
	GlobalSection(SolutionProperties) = preSolution
		HideSolutionNode = FALSE
	EndGlobalSection
	GlobalSection(ExtensibilityGlobals) = postSolution
		SolutionGuid = {366DB8A8-76B5-4B0B-991D-D3AA542A15DF}
	EndGlobalSection
EndGlobal
